// !$*UTF8*$!
{
	archiveVersion = 1;
	classes = {
	};
	objectVersion = 55;
	objects = {

/* Begin PBXBuildFile section */
		1D96D4202806BB1B00CD27A9 /* UserProfilingMovie.swift in Sources */ = {isa = PBXBuildFile; fileRef = 1D96D41F2806BB1B00CD27A9 /* UserProfilingMovie.swift */; };
		1D96D4222806CDD400CD27A9 /* UserProfilingSecondView.storyboard in Resources */ = {isa = PBXBuildFile; fileRef = 1D96D4212806CDD400CD27A9 /* UserProfilingSecondView.storyboard */; };
		1D96D4242806CF7700CD27A9 /* UserProfilingSecondViewController.swift in Sources */ = {isa = PBXBuildFile; fileRef = 1D96D4232806CF7700CD27A9 /* UserProfilingSecondViewController.swift */; };
		1D96D4262806CFA600CD27A9 /* UserProfilingSecondCollectionViewCell.swift in Sources */ = {isa = PBXBuildFile; fileRef = 1D96D4252806CFA600CD27A9 /* UserProfilingSecondCollectionViewCell.swift */; };
		1DDE12CD2805DCBE00438774 /* UserProfilingView.storyboard in Resources */ = {isa = PBXBuildFile; fileRef = 1DDE12CC2805DCBE00438774 /* UserProfilingView.storyboard */; };
		1DDE12CF2805DCD700438774 /* UserProfilingViewController.swift in Sources */ = {isa = PBXBuildFile; fileRef = 1DDE12CE2805DCD700438774 /* UserProfilingViewController.swift */; };
		1DDE12D12805E50000438774 /* CheckBoxButton.swift in Sources */ = {isa = PBXBuildFile; fileRef = 1DDE12D02805E50000438774 /* CheckBoxButton.swift */; };
		3601837C280481B40057B92A /* HomeTableViewCell.swift in Sources */ = {isa = PBXBuildFile; fileRef = 3601837A280481B40057B92A /* HomeTableViewCell.swift */; };
		3601837D280481B40057B92A /* HomeTableViewCell.xib in Resources */ = {isa = PBXBuildFile; fileRef = 3601837B280481B40057B92A /* HomeTableViewCell.xib */; };
		364EFDDA27FC2D3700779EB7 /* AppDelegate.swift in Sources */ = {isa = PBXBuildFile; fileRef = 364EFDD927FC2D3700779EB7 /* AppDelegate.swift */; };
		364EFDDC27FC2D3700779EB7 /* SceneDelegate.swift in Sources */ = {isa = PBXBuildFile; fileRef = 364EFDDB27FC2D3700779EB7 /* SceneDelegate.swift */; };
		364EFDDE27FC2D3700779EB7 /* ViewController.swift in Sources */ = {isa = PBXBuildFile; fileRef = 364EFDDD27FC2D3700779EB7 /* ViewController.swift */; };
		364EFDE127FC2D3700779EB7 /* Main.storyboard in Resources */ = {isa = PBXBuildFile; fileRef = 364EFDDF27FC2D3700779EB7 /* Main.storyboard */; };
		364EFDE327FC2D3800779EB7 /* Assets.xcassets in Resources */ = {isa = PBXBuildFile; fileRef = 364EFDE227FC2D3800779EB7 /* Assets.xcassets */; };
		364EFDE627FC2D3800779EB7 /* LaunchScreen.storyboard in Resources */ = {isa = PBXBuildFile; fileRef = 364EFDE427FC2D3800779EB7 /* LaunchScreen.storyboard */; };
		364EFDF827FD493E00779EB7 /* SearchViewController.swift in Sources */ = {isa = PBXBuildFile; fileRef = 364EFDF727FD493E00779EB7 /* SearchViewController.swift */; };
		364EFDFC27FEBF2800779EB7 /* ModallyViewController.swift in Sources */ = {isa = PBXBuildFile; fileRef = 364EFDFB27FEBF2800779EB7 /* ModallyViewController.swift */; };
		364EFE0027FF3F4C00779EB7 /* WatchListViewController.swift in Sources */ = {isa = PBXBuildFile; fileRef = 364EFDFF27FF3F4C00779EB7 /* WatchListViewController.swift */; };
		369E8791280702AB00AA582C /* FirstMovDescCollectionViewCell.swift in Sources */ = {isa = PBXBuildFile; fileRef = 369E878F280702AB00AA582C /* FirstMovDescCollectionViewCell.swift */; };
		369E8792280702AB00AA582C /* FirstMovDescCollectionViewCell.xib in Resources */ = {isa = PBXBuildFile; fileRef = 369E8790280702AB00AA582C /* FirstMovDescCollectionViewCell.xib */; };
		369E8795280702CD00AA582C /* SecondMovDescCollectionViewCell.swift in Sources */ = {isa = PBXBuildFile; fileRef = 369E8793280702CD00AA582C /* SecondMovDescCollectionViewCell.swift */; };
		369E8796280702CD00AA582C /* SecondMovDescCollectionViewCell.xib in Resources */ = {isa = PBXBuildFile; fileRef = 369E8794280702CD00AA582C /* SecondMovDescCollectionViewCell.xib */; };
		369E8799280702E300AA582C /* ThirdMovDescCollectionViewCell.swift in Sources */ = {isa = PBXBuildFile; fileRef = 369E8797280702E300AA582C /* ThirdMovDescCollectionViewCell.swift */; };
		369E879A280702E300AA582C /* ThirdMovDescCollectionViewCell.xib in Resources */ = {isa = PBXBuildFile; fileRef = 369E8798280702E300AA582C /* ThirdMovDescCollectionViewCell.xib */; };
		369E87A92807107D00AA582C /* FourthMovDescCollectionViewCell.swift in Sources */ = {isa = PBXBuildFile; fileRef = 369E87A72807107D00AA582C /* FourthMovDescCollectionViewCell.swift */; };
		369E87AA2807107D00AA582C /* FourthMovDescCollectionViewCell.xib in Resources */ = {isa = PBXBuildFile; fileRef = 369E87A82807107D00AA582C /* FourthMovDescCollectionViewCell.xib */; };
		36A3393928008C48003BC7B4 /* TableViewController.swift in Sources */ = {isa = PBXBuildFile; fileRef = 36A3393828008C48003BC7B4 /* TableViewController.swift */; };
		4ED7D5E128055B3300ADEADE /* LocalStorage.swift in Sources */ = {isa = PBXBuildFile; fileRef = 4ED7D5E028055B3300ADEADE /* LocalStorage.swift */; };
		E61C15A0280036920052A480 /* .gitignore in Resources */ = {isa = PBXBuildFile; fileRef = E61C159F280036920052A480 /* .gitignore */; };
		E61C15A22800382C0052A480 /* Utils.swift in Sources */ = {isa = PBXBuildFile; fileRef = E61C15A12800382C0052A480 /* Utils.swift */; };
		E61C15A7280060570052A480 /* movie_details.csv in Resources */ = {isa = PBXBuildFile; fileRef = E61C15A6280060570052A480 /* movie_details.csv */; };
		E61C15AA280060EF0052A480 /* Movie.swift in Sources */ = {isa = PBXBuildFile; fileRef = E61C15A9280060EF0052A480 /* Movie.swift */; };
		E61C15AC280061340052A480 /* Actor.swift in Sources */ = {isa = PBXBuildFile; fileRef = E61C15AB280061340052A480 /* Actor.swift */; };
		E6C998C52804120B0038F2F9 /* cosine_similarity.json in Resources */ = {isa = PBXBuildFile; fileRef = E6C998C42804120B0038F2F9 /* cosine_similarity.json */; };
		E6CF4B7228058CE400D3041A /* GradientButton.swift in Sources */ = {isa = PBXBuildFile; fileRef = E6CF4B7028058CE400D3041A /* GradientButton.swift */; };
		E6CF4B7328058CE400D3041A /* CornerRadius.swift in Sources */ = {isa = PBXBuildFile; fileRef = E6CF4B7128058CE400D3041A /* CornerRadius.swift */; };
		E6CF4B7928058CFE00D3041A /* OnboardingCollectionViewCell.swift in Sources */ = {isa = PBXBuildFile; fileRef = E6CF4B7528058CFE00D3041A /* OnboardingCollectionViewCell.swift */; };
		E6CF4B7A28058CFE00D3041A /* OnboardingView.storyboard in Resources */ = {isa = PBXBuildFile; fileRef = E6CF4B7628058CFE00D3041A /* OnboardingView.storyboard */; };
		E6CF4B7C28058CFE00D3041A /* OnboardingViewController.swift in Sources */ = {isa = PBXBuildFile; fileRef = E6CF4B7828058CFE00D3041A /* OnboardingViewController.swift */; };
		E6D7B0272805D4B000105025 /* OnboardingSlide.swift in Sources */ = {isa = PBXBuildFile; fileRef = E6D7B0262805D4B000105025 /* OnboardingSlide.swift */; };
		E6D7B0292805D6AD00105025 /* MovieDescription.swift in Sources */ = {isa = PBXBuildFile; fileRef = E6D7B0282805D6AD00105025 /* MovieDescription.swift */; };
/* End PBXBuildFile section */

/* Begin PBXFileReference section */
		1D96D41F2806BB1B00CD27A9 /* UserProfilingMovie.swift */ = {isa = PBXFileReference; lastKnownFileType = sourcecode.swift; path = UserProfilingMovie.swift; sourceTree = "<group>"; };
		1D96D4212806CDD400CD27A9 /* UserProfilingSecondView.storyboard */ = {isa = PBXFileReference; lastKnownFileType = file.storyboard; path = UserProfilingSecondView.storyboard; sourceTree = "<group>"; };
		1D96D4232806CF7700CD27A9 /* UserProfilingSecondViewController.swift */ = {isa = PBXFileReference; lastKnownFileType = sourcecode.swift; path = UserProfilingSecondViewController.swift; sourceTree = "<group>"; };
		1D96D4252806CFA600CD27A9 /* UserProfilingSecondCollectionViewCell.swift */ = {isa = PBXFileReference; lastKnownFileType = sourcecode.swift; path = UserProfilingSecondCollectionViewCell.swift; sourceTree = "<group>"; };
		1DDE12CC2805DCBE00438774 /* UserProfilingView.storyboard */ = {isa = PBXFileReference; lastKnownFileType = file.storyboard; path = UserProfilingView.storyboard; sourceTree = "<group>"; };
		1DDE12CE2805DCD700438774 /* UserProfilingViewController.swift */ = {isa = PBXFileReference; lastKnownFileType = sourcecode.swift; path = UserProfilingViewController.swift; sourceTree = "<group>"; };
		1DDE12D02805E50000438774 /* CheckBoxButton.swift */ = {isa = PBXFileReference; lastKnownFileType = sourcecode.swift; path = CheckBoxButton.swift; sourceTree = "<group>"; };
		3601837A280481B40057B92A /* HomeTableViewCell.swift */ = {isa = PBXFileReference; lastKnownFileType = sourcecode.swift; path = HomeTableViewCell.swift; sourceTree = "<group>"; };
		3601837B280481B40057B92A /* HomeTableViewCell.xib */ = {isa = PBXFileReference; lastKnownFileType = file.xib; path = HomeTableViewCell.xib; sourceTree = "<group>"; };
		364EFDD627FC2D3700779EB7 /* Challenge 1.app */ = {isa = PBXFileReference; explicitFileType = wrapper.application; includeInIndex = 0; path = "Challenge 1.app"; sourceTree = BUILT_PRODUCTS_DIR; };
		364EFDD927FC2D3700779EB7 /* AppDelegate.swift */ = {isa = PBXFileReference; lastKnownFileType = sourcecode.swift; path = AppDelegate.swift; sourceTree = "<group>"; };
		364EFDDB27FC2D3700779EB7 /* SceneDelegate.swift */ = {isa = PBXFileReference; lastKnownFileType = sourcecode.swift; path = SceneDelegate.swift; sourceTree = "<group>"; };
		364EFDDD27FC2D3700779EB7 /* ViewController.swift */ = {isa = PBXFileReference; lastKnownFileType = sourcecode.swift; path = ViewController.swift; sourceTree = "<group>"; };
		364EFDE027FC2D3700779EB7 /* Base */ = {isa = PBXFileReference; lastKnownFileType = file.storyboard; name = Base; path = Base.lproj/Main.storyboard; sourceTree = "<group>"; };
		364EFDE227FC2D3800779EB7 /* Assets.xcassets */ = {isa = PBXFileReference; lastKnownFileType = folder.assetcatalog; path = Assets.xcassets; sourceTree = "<group>"; };
		364EFDE527FC2D3800779EB7 /* Base */ = {isa = PBXFileReference; lastKnownFileType = file.storyboard; name = Base; path = Base.lproj/LaunchScreen.storyboard; sourceTree = "<group>"; };
		364EFDE727FC2D3800779EB7 /* Info.plist */ = {isa = PBXFileReference; lastKnownFileType = text.plist.xml; path = Info.plist; sourceTree = "<group>"; };
		364EFDF727FD493E00779EB7 /* SearchViewController.swift */ = {isa = PBXFileReference; lastKnownFileType = sourcecode.swift; path = SearchViewController.swift; sourceTree = "<group>"; };
		364EFDFB27FEBF2800779EB7 /* ModallyViewController.swift */ = {isa = PBXFileReference; lastKnownFileType = sourcecode.swift; path = ModallyViewController.swift; sourceTree = "<group>"; };
		364EFDFF27FF3F4C00779EB7 /* WatchListViewController.swift */ = {isa = PBXFileReference; lastKnownFileType = sourcecode.swift; path = WatchListViewController.swift; sourceTree = "<group>"; };
		369E878F280702AB00AA582C /* FirstMovDescCollectionViewCell.swift */ = {isa = PBXFileReference; lastKnownFileType = sourcecode.swift; path = FirstMovDescCollectionViewCell.swift; sourceTree = "<group>"; };
		369E8790280702AB00AA582C /* FirstMovDescCollectionViewCell.xib */ = {isa = PBXFileReference; lastKnownFileType = file.xib; path = FirstMovDescCollectionViewCell.xib; sourceTree = "<group>"; };
		369E8793280702CD00AA582C /* SecondMovDescCollectionViewCell.swift */ = {isa = PBXFileReference; lastKnownFileType = sourcecode.swift; path = SecondMovDescCollectionViewCell.swift; sourceTree = "<group>"; };
		369E8794280702CD00AA582C /* SecondMovDescCollectionViewCell.xib */ = {isa = PBXFileReference; lastKnownFileType = file.xib; path = SecondMovDescCollectionViewCell.xib; sourceTree = "<group>"; };
		369E8797280702E300AA582C /* ThirdMovDescCollectionViewCell.swift */ = {isa = PBXFileReference; lastKnownFileType = sourcecode.swift; path = ThirdMovDescCollectionViewCell.swift; sourceTree = "<group>"; };
		369E8798280702E300AA582C /* ThirdMovDescCollectionViewCell.xib */ = {isa = PBXFileReference; lastKnownFileType = file.xib; path = ThirdMovDescCollectionViewCell.xib; sourceTree = "<group>"; };
		369E87A72807107D00AA582C /* FourthMovDescCollectionViewCell.swift */ = {isa = PBXFileReference; lastKnownFileType = sourcecode.swift; path = FourthMovDescCollectionViewCell.swift; sourceTree = "<group>"; };
		369E87A82807107D00AA582C /* FourthMovDescCollectionViewCell.xib */ = {isa = PBXFileReference; lastKnownFileType = file.xib; path = FourthMovDescCollectionViewCell.xib; sourceTree = "<group>"; };
		36A3393828008C48003BC7B4 /* TableViewController.swift */ = {isa = PBXFileReference; lastKnownFileType = sourcecode.swift; path = TableViewController.swift; sourceTree = "<group>"; };
		4ED7D5E028055B3300ADEADE /* LocalStorage.swift */ = {isa = PBXFileReference; lastKnownFileType = sourcecode.swift; path = LocalStorage.swift; sourceTree = "<group>"; };
		E61C159F280036920052A480 /* .gitignore */ = {isa = PBXFileReference; lastKnownFileType = text; path = .gitignore; sourceTree = "<group>"; };
		E61C15A12800382C0052A480 /* Utils.swift */ = {isa = PBXFileReference; lastKnownFileType = sourcecode.swift; path = Utils.swift; sourceTree = "<group>"; };
		E61C15A6280060570052A480 /* movie_details.csv */ = {isa = PBXFileReference; fileEncoding = 4; lastKnownFileType = text; path = movie_details.csv; sourceTree = "<group>"; };
		E61C15A9280060EF0052A480 /* Movie.swift */ = {isa = PBXFileReference; lastKnownFileType = sourcecode.swift; path = Movie.swift; sourceTree = "<group>"; };
		E61C15AB280061340052A480 /* Actor.swift */ = {isa = PBXFileReference; lastKnownFileType = sourcecode.swift; path = Actor.swift; sourceTree = "<group>"; };
		E6C998C42804120B0038F2F9 /* cosine_similarity.json */ = {isa = PBXFileReference; fileEncoding = 4; lastKnownFileType = text.json; path = cosine_similarity.json; sourceTree = "<group>"; };
		E6CF4B7028058CE400D3041A /* GradientButton.swift */ = {isa = PBXFileReference; fileEncoding = 4; lastKnownFileType = sourcecode.swift; path = GradientButton.swift; sourceTree = "<group>"; };
		E6CF4B7128058CE400D3041A /* CornerRadius.swift */ = {isa = PBXFileReference; fileEncoding = 4; lastKnownFileType = sourcecode.swift; path = CornerRadius.swift; sourceTree = "<group>"; };
		E6CF4B7528058CFE00D3041A /* OnboardingCollectionViewCell.swift */ = {isa = PBXFileReference; fileEncoding = 4; lastKnownFileType = sourcecode.swift; path = OnboardingCollectionViewCell.swift; sourceTree = "<group>"; };
		E6CF4B7628058CFE00D3041A /* OnboardingView.storyboard */ = {isa = PBXFileReference; fileEncoding = 4; lastKnownFileType = file.storyboard; path = OnboardingView.storyboard; sourceTree = "<group>"; };
		E6CF4B7828058CFE00D3041A /* OnboardingViewController.swift */ = {isa = PBXFileReference; fileEncoding = 4; lastKnownFileType = sourcecode.swift; path = OnboardingViewController.swift; sourceTree = "<group>"; };
		E6D7B0262805D4B000105025 /* OnboardingSlide.swift */ = {isa = PBXFileReference; lastKnownFileType = sourcecode.swift; path = OnboardingSlide.swift; sourceTree = "<group>"; };
		E6D7B0282805D6AD00105025 /* MovieDescription.swift */ = {isa = PBXFileReference; lastKnownFileType = sourcecode.swift; path = MovieDescription.swift; sourceTree = "<group>"; };
/* End PBXFileReference section */

/* Begin PBXFrameworksBuildPhase section */
		364EFDD327FC2D3700779EB7 /* Frameworks */ = {
			isa = PBXFrameworksBuildPhase;
			buildActionMask = 2147483647;
			files = (
			);
			runOnlyForDeploymentPostprocessing = 0;
		};
/* End PBXFrameworksBuildPhase section */

/* Begin PBXGroup section */
		1DDE12CB2805DC9B00438774 /* UserProfiling */ = {
			isa = PBXGroup;
			children = (
				1DDE12CC2805DCBE00438774 /* UserProfilingView.storyboard */,
				1D96D4212806CDD400CD27A9 /* UserProfilingSecondView.storyboard */,
				1DDE12CE2805DCD700438774 /* UserProfilingViewController.swift */,
				1D96D4232806CF7700CD27A9 /* UserProfilingSecondViewController.swift */,
				1D96D4252806CFA600CD27A9 /* UserProfilingSecondCollectionViewCell.swift */,
			);
			path = UserProfiling;
			sourceTree = "<group>";
		};
		360183792804818E0057B92A /* Cell */ = {
			isa = PBXGroup;
			children = (
				369E878E2807027800AA582C /* Movie Descriptions */,
				3601837A280481B40057B92A /* HomeTableViewCell.swift */,
				3601837B280481B40057B92A /* HomeTableViewCell.xib */,
			);
			path = Cell;
			sourceTree = "<group>";
		};
		364EFDCD27FC2D3700779EB7 = {
			isa = PBXGroup;
			children = (
				E61C159F280036920052A480 /* .gitignore */,
				364EFDFB27FEBF2800779EB7 /* ModallyViewController.swift */,
				364EFDD827FC2D3700779EB7 /* Challenge 1 */,
				364EFDD727FC2D3700779EB7 /* Products */,
			);
			sourceTree = "<group>";
		};
		364EFDD727FC2D3700779EB7 /* Products */ = {
			isa = PBXGroup;
			children = (
				364EFDD627FC2D3700779EB7 /* Challenge 1.app */,
			);
			name = Products;
			sourceTree = "<group>";
		};
		364EFDD827FC2D3700779EB7 /* Challenge 1 */ = {
			isa = PBXGroup;
			children = (
				1DDE12CB2805DC9B00438774 /* UserProfiling */,
				E6CF4B7428058CFE00D3041A /* OnBoardingPage */,
				E6CF4B6F28058CE400D3041A /* Extension */,
				360183792804818E0057B92A /* Cell */,
				E6C998C3280410F00038F2F9 /* Data */,
				36A3393A28008C5A003BC7B4 /* TableViewController */,
				E61C15A8280060AB0052A480 /* Models */,
				364EFDD927FC2D3700779EB7 /* AppDelegate.swift */,
				364EFDDB27FC2D3700779EB7 /* SceneDelegate.swift */,
				364EFE0127FF3F5E00779EB7 /* WatchListPage */,
				364EFDFE27FF3F2B00779EB7 /* SearchPage */,
				364EFDFD27FEF66100779EB7 /* MainPage */,
				364EFDE227FC2D3800779EB7 /* Assets.xcassets */,
				364EFDE427FC2D3800779EB7 /* LaunchScreen.storyboard */,
				364EFDE727FC2D3800779EB7 /* Info.plist */,
				E61C15A12800382C0052A480 /* Utils.swift */,
				4ED7D5E028055B3300ADEADE /* LocalStorage.swift */,
			);
			path = "Challenge 1";
			sourceTree = "<group>";
		};
		364EFDFD27FEF66100779EB7 /* MainPage */ = {
			isa = PBXGroup;
			children = (
				364EFDDF27FC2D3700779EB7 /* Main.storyboard */,
				364EFDDD27FC2D3700779EB7 /* ViewController.swift */,
			);
			path = MainPage;
			sourceTree = "<group>";
		};
		364EFDFE27FF3F2B00779EB7 /* SearchPage */ = {
			isa = PBXGroup;
			children = (
				364EFDF727FD493E00779EB7 /* SearchViewController.swift */,
			);
			path = SearchPage;
			sourceTree = "<group>";
		};
		364EFE0127FF3F5E00779EB7 /* WatchListPage */ = {
			isa = PBXGroup;
			children = (
				364EFDFF27FF3F4C00779EB7 /* WatchListViewController.swift */,
			);
			path = WatchListPage;
			sourceTree = "<group>";
		};
		369E878E2807027800AA582C /* Movie Descriptions */ = {
			isa = PBXGroup;
			children = (
				369E878F280702AB00AA582C /* FirstMovDescCollectionViewCell.swift */,
				369E8790280702AB00AA582C /* FirstMovDescCollectionViewCell.xib */,
				369E8793280702CD00AA582C /* SecondMovDescCollectionViewCell.swift */,
				369E8794280702CD00AA582C /* SecondMovDescCollectionViewCell.xib */,
				369E8797280702E300AA582C /* ThirdMovDescCollectionViewCell.swift */,
				369E8798280702E300AA582C /* ThirdMovDescCollectionViewCell.xib */,
				369E87A72807107D00AA582C /* FourthMovDescCollectionViewCell.swift */,
				369E87A82807107D00AA582C /* FourthMovDescCollectionViewCell.xib */,
			);
			path = "Movie Descriptions";
			sourceTree = "<group>";
		};
		36A3393A28008C5A003BC7B4 /* TableViewController */ = {
			isa = PBXGroup;
			children = (
				36A3393828008C48003BC7B4 /* TableViewController.swift */,
			);
			path = TableViewController;
			sourceTree = "<group>";
		};
		E61C15A8280060AB0052A480 /* Models */ = {
			isa = PBXGroup;
			children = (
				E61C15A9280060EF0052A480 /* Movie.swift */,
				E61C15AB280061340052A480 /* Actor.swift */,
				E6D7B0262805D4B000105025 /* OnboardingSlide.swift */,
				E6D7B0282805D6AD00105025 /* MovieDescription.swift */,
				1D96D41F2806BB1B00CD27A9 /* UserProfilingMovie.swift */,
			);
			path = Models;
			sourceTree = "<group>";
		};
		E6C998C3280410F00038F2F9 /* Data */ = {
			isa = PBXGroup;
			children = (
				E6C998C42804120B0038F2F9 /* cosine_similarity.json */,
				E61C15A6280060570052A480 /* movie_details.csv */,
			);
			path = Data;
			sourceTree = "<group>";
		};
		E6CF4B6F28058CE400D3041A /* Extension */ = {
			isa = PBXGroup;
			children = (
				E6CF4B7028058CE400D3041A /* GradientButton.swift */,
				E6CF4B7128058CE400D3041A /* CornerRadius.swift */,
				1DDE12D02805E50000438774 /* CheckBoxButton.swift */,
			);
			path = Extension;
			sourceTree = "<group>";
		};
		E6CF4B7428058CFE00D3041A /* OnBoardingPage */ = {
			isa = PBXGroup;
			children = (
				E6CF4B7528058CFE00D3041A /* OnboardingCollectionViewCell.swift */,
				E6CF4B7628058CFE00D3041A /* OnboardingView.storyboard */,
				E6CF4B7828058CFE00D3041A /* OnboardingViewController.swift */,
			);
			path = OnBoardingPage;
			sourceTree = "<group>";
		};
/* End PBXGroup section */

/* Begin PBXNativeTarget section */
		364EFDD527FC2D3700779EB7 /* Challenge 1 */ = {
			isa = PBXNativeTarget;
			buildConfigurationList = 364EFDEA27FC2D3800779EB7 /* Build configuration list for PBXNativeTarget "Challenge 1" */;
			buildPhases = (
				364EFDD227FC2D3700779EB7 /* Sources */,
				364EFDD327FC2D3700779EB7 /* Frameworks */,
				364EFDD427FC2D3700779EB7 /* Resources */,
			);
			buildRules = (
			);
			dependencies = (
			);
			name = "Challenge 1";
			productName = "Challenge 1";
			productReference = 364EFDD627FC2D3700779EB7 /* Challenge 1.app */;
			productType = "com.apple.product-type.application";
		};
/* End PBXNativeTarget section */

/* Begin PBXProject section */
		364EFDCE27FC2D3700779EB7 /* Project object */ = {
			isa = PBXProject;
			attributes = {
				BuildIndependentTargetsInParallel = 1;
				LastSwiftUpdateCheck = 1330;
				LastUpgradeCheck = 1330;
				TargetAttributes = {
					364EFDD527FC2D3700779EB7 = {
						CreatedOnToolsVersion = 13.3;
					};
				};
			};
			buildConfigurationList = 364EFDD127FC2D3700779EB7 /* Build configuration list for PBXProject "Challenge 1" */;
			compatibilityVersion = "Xcode 13.0";
			developmentRegion = en;
			hasScannedForEncodings = 0;
			knownRegions = (
				en,
				Base,
			);
			mainGroup = 364EFDCD27FC2D3700779EB7;
			productRefGroup = 364EFDD727FC2D3700779EB7 /* Products */;
			projectDirPath = "";
			projectRoot = "";
			targets = (
				364EFDD527FC2D3700779EB7 /* Challenge 1 */,
			);
		};
/* End PBXProject section */

/* Begin PBXResourcesBuildPhase section */
		364EFDD427FC2D3700779EB7 /* Resources */ = {
			isa = PBXResourcesBuildPhase;
			buildActionMask = 2147483647;
			files = (
				E61C15A0280036920052A480 /* .gitignore in Resources */,
				369E87AA2807107D00AA582C /* FourthMovDescCollectionViewCell.xib in Resources */,
				3601837D280481B40057B92A /* HomeTableViewCell.xib in Resources */,
				369E8796280702CD00AA582C /* SecondMovDescCollectionViewCell.xib in Resources */,
				364EFDE627FC2D3800779EB7 /* LaunchScreen.storyboard in Resources */,
				1DDE12CD2805DCBE00438774 /* UserProfilingView.storyboard in Resources */,
				364EFDE327FC2D3800779EB7 /* Assets.xcassets in Resources */,
				1D96D4222806CDD400CD27A9 /* UserProfilingSecondView.storyboard in Resources */,
				E61C15A7280060570052A480 /* movie_details.csv in Resources */,
				369E879A280702E300AA582C /* ThirdMovDescCollectionViewCell.xib in Resources */,
				369E8792280702AB00AA582C /* FirstMovDescCollectionViewCell.xib in Resources */,
				364EFDE127FC2D3700779EB7 /* Main.storyboard in Resources */,
				E6CF4B7A28058CFE00D3041A /* OnboardingView.storyboard in Resources */,
				E6C998C52804120B0038F2F9 /* cosine_similarity.json in Resources */,
			);
			runOnlyForDeploymentPostprocessing = 0;
		};
/* End PBXResourcesBuildPhase section */

/* Begin PBXSourcesBuildPhase section */
		364EFDD227FC2D3700779EB7 /* Sources */ = {
			isa = PBXSourcesBuildPhase;
			buildActionMask = 2147483647;
			files = (
				E6D7B0292805D6AD00105025 /* MovieDescription.swift in Sources */,
				1D96D4262806CFA600CD27A9 /* UserProfilingSecondCollectionViewCell.swift in Sources */,
				364EFE0027FF3F4C00779EB7 /* WatchListViewController.swift in Sources */,
				369E8799280702E300AA582C /* ThirdMovDescCollectionViewCell.swift in Sources */,
				1DDE12D12805E50000438774 /* CheckBoxButton.swift in Sources */,
				364EFDDE27FC2D3700779EB7 /* ViewController.swift in Sources */,
				E6CF4B7328058CE400D3041A /* CornerRadius.swift in Sources */,
				1D96D4242806CF7700CD27A9 /* UserProfilingSecondViewController.swift in Sources */,
				E6CF4B7928058CFE00D3041A /* OnboardingCollectionViewCell.swift in Sources */,
				364EFDDA27FC2D3700779EB7 /* AppDelegate.swift in Sources */,
				1D96D4202806BB1B00CD27A9 /* UserProfilingMovie.swift in Sources */,
				364EFDF827FD493E00779EB7 /* SearchViewController.swift in Sources */,
				369E87A92807107D00AA582C /* FourthMovDescCollectionViewCell.swift in Sources */,
				E6CF4B7C28058CFE00D3041A /* OnboardingViewController.swift in Sources */,
				E61C15AA280060EF0052A480 /* Movie.swift in Sources */,
				3601837C280481B40057B92A /* HomeTableViewCell.swift in Sources */,
				E6CF4B7228058CE400D3041A /* GradientButton.swift in Sources */,
				36A3393928008C48003BC7B4 /* TableViewController.swift in Sources */,
				369E8795280702CD00AA582C /* SecondMovDescCollectionViewCell.swift in Sources */,
				364EFDDC27FC2D3700779EB7 /* SceneDelegate.swift in Sources */,
				369E8791280702AB00AA582C /* FirstMovDescCollectionViewCell.swift in Sources */,
				E6D7B0272805D4B000105025 /* OnboardingSlide.swift in Sources */,
				364EFDFC27FEBF2800779EB7 /* ModallyViewController.swift in Sources */,
				4ED7D5E128055B3300ADEADE /* LocalStorage.swift in Sources */,
				E61C15A22800382C0052A480 /* Utils.swift in Sources */,
				E61C15AC280061340052A480 /* Actor.swift in Sources */,
				1DDE12CF2805DCD700438774 /* UserProfilingViewController.swift in Sources */,
			);
			runOnlyForDeploymentPostprocessing = 0;
		};
/* End PBXSourcesBuildPhase section */

/* Begin PBXVariantGroup section */
		364EFDDF27FC2D3700779EB7 /* Main.storyboard */ = {
			isa = PBXVariantGroup;
			children = (
				364EFDE027FC2D3700779EB7 /* Base */,
			);
			name = Main.storyboard;
			sourceTree = "<group>";
		};
		364EFDE427FC2D3800779EB7 /* LaunchScreen.storyboard */ = {
			isa = PBXVariantGroup;
			children = (
				364EFDE527FC2D3800779EB7 /* Base */,
			);
			name = LaunchScreen.storyboard;
			sourceTree = "<group>";
		};
/* End PBXVariantGroup section */

/* Begin XCBuildConfiguration section */
		364EFDE827FC2D3800779EB7 /* Debug */ = {
			isa = XCBuildConfiguration;
			buildSettings = {
				ALWAYS_SEARCH_USER_PATHS = NO;
				CLANG_ANALYZER_NONNULL = YES;
				CLANG_ANALYZER_NUMBER_OBJECT_CONVERSION = YES_AGGRESSIVE;
				CLANG_CXX_LANGUAGE_STANDARD = "gnu++17";
				CLANG_ENABLE_MODULES = YES;
				CLANG_ENABLE_OBJC_ARC = YES;
				CLANG_ENABLE_OBJC_WEAK = YES;
				CLANG_WARN_BLOCK_CAPTURE_AUTORELEASING = YES;
				CLANG_WARN_BOOL_CONVERSION = YES;
				CLANG_WARN_COMMA = YES;
				CLANG_WARN_CONSTANT_CONVERSION = YES;
				CLANG_WARN_DEPRECATED_OBJC_IMPLEMENTATIONS = YES;
				CLANG_WARN_DIRECT_OBJC_ISA_USAGE = YES_ERROR;
				CLANG_WARN_DOCUMENTATION_COMMENTS = YES;
				CLANG_WARN_EMPTY_BODY = YES;
				CLANG_WARN_ENUM_CONVERSION = YES;
				CLANG_WARN_INFINITE_RECURSION = YES;
				CLANG_WARN_INT_CONVERSION = YES;
				CLANG_WARN_NON_LITERAL_NULL_CONVERSION = YES;
				CLANG_WARN_OBJC_IMPLICIT_RETAIN_SELF = YES;
				CLANG_WARN_OBJC_LITERAL_CONVERSION = YES;
				CLANG_WARN_OBJC_ROOT_CLASS = YES_ERROR;
				CLANG_WARN_QUOTED_INCLUDE_IN_FRAMEWORK_HEADER = YES;
				CLANG_WARN_RANGE_LOOP_ANALYSIS = YES;
				CLANG_WARN_STRICT_PROTOTYPES = YES;
				CLANG_WARN_SUSPICIOUS_MOVE = YES;
				CLANG_WARN_UNGUARDED_AVAILABILITY = YES_AGGRESSIVE;
				CLANG_WARN_UNREACHABLE_CODE = YES;
				CLANG_WARN__DUPLICATE_METHOD_MATCH = YES;
				COPY_PHASE_STRIP = NO;
				DEBUG_INFORMATION_FORMAT = dwarf;
				ENABLE_STRICT_OBJC_MSGSEND = YES;
				ENABLE_TESTABILITY = YES;
				GCC_C_LANGUAGE_STANDARD = gnu11;
				GCC_DYNAMIC_NO_PIC = NO;
				GCC_NO_COMMON_BLOCKS = YES;
				GCC_OPTIMIZATION_LEVEL = 0;
				GCC_PREPROCESSOR_DEFINITIONS = (
					"DEBUG=1",
					"$(inherited)",
				);
				GCC_WARN_64_TO_32_BIT_CONVERSION = YES;
				GCC_WARN_ABOUT_RETURN_TYPE = YES_ERROR;
				GCC_WARN_UNDECLARED_SELECTOR = YES;
				GCC_WARN_UNINITIALIZED_AUTOS = YES_AGGRESSIVE;
				GCC_WARN_UNUSED_FUNCTION = YES;
				GCC_WARN_UNUSED_VARIABLE = YES;
				IPHONEOS_DEPLOYMENT_TARGET = 15.4;
				MTL_ENABLE_DEBUG_INFO = INCLUDE_SOURCE;
				MTL_FAST_MATH = YES;
				ONLY_ACTIVE_ARCH = YES;
				SDKROOT = iphoneos;
				SWIFT_ACTIVE_COMPILATION_CONDITIONS = DEBUG;
				SWIFT_OPTIMIZATION_LEVEL = "-Onone";
			};
			name = Debug;
		};
		364EFDE927FC2D3800779EB7 /* Release */ = {
			isa = XCBuildConfiguration;
			buildSettings = {
				ALWAYS_SEARCH_USER_PATHS = NO;
				CLANG_ANALYZER_NONNULL = YES;
				CLANG_ANALYZER_NUMBER_OBJECT_CONVERSION = YES_AGGRESSIVE;
				CLANG_CXX_LANGUAGE_STANDARD = "gnu++17";
				CLANG_ENABLE_MODULES = YES;
				CLANG_ENABLE_OBJC_ARC = YES;
				CLANG_ENABLE_OBJC_WEAK = YES;
				CLANG_WARN_BLOCK_CAPTURE_AUTORELEASING = YES;
				CLANG_WARN_BOOL_CONVERSION = YES;
				CLANG_WARN_COMMA = YES;
				CLANG_WARN_CONSTANT_CONVERSION = YES;
				CLANG_WARN_DEPRECATED_OBJC_IMPLEMENTATIONS = YES;
				CLANG_WARN_DIRECT_OBJC_ISA_USAGE = YES_ERROR;
				CLANG_WARN_DOCUMENTATION_COMMENTS = YES;
				CLANG_WARN_EMPTY_BODY = YES;
				CLANG_WARN_ENUM_CONVERSION = YES;
				CLANG_WARN_INFINITE_RECURSION = YES;
				CLANG_WARN_INT_CONVERSION = YES;
				CLANG_WARN_NON_LITERAL_NULL_CONVERSION = YES;
				CLANG_WARN_OBJC_IMPLICIT_RETAIN_SELF = YES;
				CLANG_WARN_OBJC_LITERAL_CONVERSION = YES;
				CLANG_WARN_OBJC_ROOT_CLASS = YES_ERROR;
				CLANG_WARN_QUOTED_INCLUDE_IN_FRAMEWORK_HEADER = YES;
				CLANG_WARN_RANGE_LOOP_ANALYSIS = YES;
				CLANG_WARN_STRICT_PROTOTYPES = YES;
				CLANG_WARN_SUSPICIOUS_MOVE = YES;
				CLANG_WARN_UNGUARDED_AVAILABILITY = YES_AGGRESSIVE;
				CLANG_WARN_UNREACHABLE_CODE = YES;
				CLANG_WARN__DUPLICATE_METHOD_MATCH = YES;
				COPY_PHASE_STRIP = NO;
				DEBUG_INFORMATION_FORMAT = "dwarf-with-dsym";
				ENABLE_NS_ASSERTIONS = NO;
				ENABLE_STRICT_OBJC_MSGSEND = YES;
				GCC_C_LANGUAGE_STANDARD = gnu11;
				GCC_NO_COMMON_BLOCKS = YES;
				GCC_WARN_64_TO_32_BIT_CONVERSION = YES;
				GCC_WARN_ABOUT_RETURN_TYPE = YES_ERROR;
				GCC_WARN_UNDECLARED_SELECTOR = YES;
				GCC_WARN_UNINITIALIZED_AUTOS = YES_AGGRESSIVE;
				GCC_WARN_UNUSED_FUNCTION = YES;
				GCC_WARN_UNUSED_VARIABLE = YES;
				IPHONEOS_DEPLOYMENT_TARGET = 15.4;
				MTL_ENABLE_DEBUG_INFO = NO;
				MTL_FAST_MATH = YES;
				SDKROOT = iphoneos;
				SWIFT_COMPILATION_MODE = wholemodule;
				SWIFT_OPTIMIZATION_LEVEL = "-O";
				VALIDATE_PRODUCT = YES;
			};
			name = Release;
		};
		364EFDEB27FC2D3800779EB7 /* Debug */ = {
			isa = XCBuildConfiguration;
			buildSettings = {
				ASSETCATALOG_COMPILER_APPICON_NAME = AppIcon;
				ASSETCATALOG_COMPILER_GLOBAL_ACCENT_COLOR_NAME = AccentColor;
				CODE_SIGN_STYLE = Automatic;
				CURRENT_PROJECT_VERSION = 1;
				DEVELOPMENT_TEAM = Y2G34Y582Q;
				GENERATE_INFOPLIST_FILE = YES;
				INFOPLIST_FILE = "Challenge 1/Info.plist";
				INFOPLIST_KEY_CFBundleDisplayName = Comvie;
				INFOPLIST_KEY_UIApplicationSupportsIndirectInputEvents = YES;
				INFOPLIST_KEY_UILaunchStoryboardName = LaunchScreen;
				INFOPLIST_KEY_UIMainStoryboardFile = UserProfilingView;
				INFOPLIST_KEY_UISupportedInterfaceOrientations_iPad = "UIInterfaceOrientationPortrait UIInterfaceOrientationPortraitUpsideDown UIInterfaceOrientationLandscapeLeft UIInterfaceOrientationLandscapeRight";
				INFOPLIST_KEY_UISupportedInterfaceOrientations_iPhone = "UIInterfaceOrientationPortrait UIInterfaceOrientationLandscapeLeft UIInterfaceOrientationLandscapeRight";
				LD_RUNPATH_SEARCH_PATHS = (
					"$(inherited)",
					"@executable_path/Frameworks",
				);
				MARKETING_VERSION = 1.0;
				PRODUCT_BUNDLE_IDENTIFIER = MiniChallenge1;
				PRODUCT_NAME = "$(TARGET_NAME)";
				SWIFT_EMIT_LOC_STRINGS = YES;
				SWIFT_VERSION = 5.0;
				TARGETED_DEVICE_FAMILY = "1,2";
			};
			name = Debug;
		};
		364EFDEC27FC2D3800779EB7 /* Release */ = {
			isa = XCBuildConfiguration;
			buildSettings = {
				ASSETCATALOG_COMPILER_APPICON_NAME = AppIcon;
				ASSETCATALOG_COMPILER_GLOBAL_ACCENT_COLOR_NAME = AccentColor;
				CODE_SIGN_STYLE = Automatic;
				CURRENT_PROJECT_VERSION = 1;
				DEVELOPMENT_TEAM = Y2G34Y582Q;
				GENERATE_INFOPLIST_FILE = YES;
				INFOPLIST_FILE = "Challenge 1/Info.plist";
				INFOPLIST_KEY_CFBundleDisplayName = Comvie;
				INFOPLIST_KEY_UIApplicationSupportsIndirectInputEvents = YES;
				INFOPLIST_KEY_UILaunchStoryboardName = LaunchScreen;
				INFOPLIST_KEY_UIMainStoryboardFile = UserProfilingView;
				INFOPLIST_KEY_UISupportedInterfaceOrientations_iPad = "UIInterfaceOrientationPortrait UIInterfaceOrientationPortraitUpsideDown UIInterfaceOrientationLandscapeLeft UIInterfaceOrientationLandscapeRight";
				INFOPLIST_KEY_UISupportedInterfaceOrientations_iPhone = "UIInterfaceOrientationPortrait UIInterfaceOrientationLandscapeLeft UIInterfaceOrientationLandscapeRight";
				LD_RUNPATH_SEARCH_PATHS = (
					"$(inherited)",
					"@executable_path/Frameworks",
				);
				MARKETING_VERSION = 1.0;
				PRODUCT_BUNDLE_IDENTIFIER = MiniChallenge1;
				PRODUCT_NAME = "$(TARGET_NAME)";
				SWIFT_EMIT_LOC_STRINGS = YES;
				SWIFT_VERSION = 5.0;
				TARGETED_DEVICE_FAMILY = "1,2";
			};
			name = Release;
		};
/* End XCBuildConfiguration section */

/* Begin XCConfigurationList section */
		364EFDD127FC2D3700779EB7 /* Build configuration list for PBXProject "Challenge 1" */ = {
			isa = XCConfigurationList;
			buildConfigurations = (
				364EFDE827FC2D3800779EB7 /* Debug */,
				364EFDE927FC2D3800779EB7 /* Release */,
			);
			defaultConfigurationIsVisible = 0;
			defaultConfigurationName = Release;
		};
		364EFDEA27FC2D3800779EB7 /* Build configuration list for PBXNativeTarget "Challenge 1" */ = {
			isa = XCConfigurationList;
			buildConfigurations = (
				364EFDEB27FC2D3800779EB7 /* Debug */,
				364EFDEC27FC2D3800779EB7 /* Release */,
			);
			defaultConfigurationIsVisible = 0;
			defaultConfigurationName = Release;
		};
/* End XCConfigurationList section */
	};
	rootObject = 364EFDCE27FC2D3700779EB7 /* Project object */;
}
